{
  "version": "4",
  "specifiers": {
    "jsr:@std/assert@1": "1.0.11",
    "jsr:@std/internal@^1.0.5": "1.0.5",
    "npm:playwright@*": "1.50.1",
    "npm:playwright@^1.50.1": "1.50.1",
    "npm:pocketbase@~0.25.1": "0.25.1"
  },
  "jsr": {
    "@std/assert@1.0.11": {
      "integrity": "2461ef3c368fe88bc60e186e7744a93112f16fd110022e113a0849e94d1c83c1",
      "dependencies": [
        "jsr:@std/internal"
      ]
    },
    "@std/internal@1.0.5": {
      "integrity": "54a546004f769c1ac9e025abd15a76b6671ddc9687e2313b67376125650dc7ba"
    }
  },
  "npm": {
    "fsevents@2.3.2": {
      "integrity": "sha512-xiqMQR4xAeHTuB9uWm+fFRcIOgKBMiOBP+eXiyT7jsgVCq1bkVygt00oASowB7EdtpOHaaPgKt812P9ab+DDKA=="
    },
    "playwright-core@1.50.1": {
      "integrity": "sha512-ra9fsNWayuYumt+NiM069M6OkcRb1FZSK8bgi66AtpFoWkg2+y0bJSNmkFrWhMbEBbVKC/EruAHH3g0zmtwGmQ=="
    },
    "playwright@1.50.1": {
      "integrity": "sha512-G8rwsOQJ63XG6BbKj2w5rHeavFjy5zynBA9zsJMMtBoe/Uf757oG12NXz6e6OirF7RCrTVAKFXbLmn1RbL7Qaw==",
      "dependencies": [
        "fsevents",
        "playwright-core"
      ]
    },
    "pocketbase@0.25.1": {
      "integrity": "sha512-2IH0KLI/qMNR/E17C7BGWX2FxW7Tead+igLHOWZ45P56v/NyVT18Jnmddeft+3qWWGL1Hog2F8bc4orWV/+Fcg=="
    }
  },
  "workspace": {
    "dependencies": [
      "jsr:@std/assert@1",
      "npm:playwright@^1.50.1",
      "npm:pocketbase@~0.25.1"
    ]
  }
}
